{
  "originHash" : "a2c3025e13930d473a0117abacd2d4ad0bf0b92817f9a6648d9bab1482f34c0b",
  "pins" : [
    {
      "identity" : "alerttoast",
      "kind" : "remoteSourceControl",
      "location" : "https://github.com/elai950/AlertToast.git",
      "state" : {
        "revision" : "b39252eacd159904afd7d718bba0afabb87f2f2f",
        "version" : "1.3.9"
      }
    },
    {
      "identity" : "keychainaccess",
      "kind" : "remoteSourceControl",
      "location" : "https://github.com/kishikawakatsumi/KeychainAccess",
      "state" : {
        "revision" : "84e546727d66f1adc5439debad16270d0fdd04e7",
        "version" : "4.2.2"
      }
    },
    {
      "identity" : "kingfisher",
      "kind" : "remoteSourceControl",
      "location" : "https://github.com/onevcat/Kingfisher",
      "state" : {
        "revision" : "5b92f029fab2cce44386d28588098b5be0824ef5",
        "version" : "7.11.0"
      }
    },
    {
      "identity" : "supabase-swift",
      "kind" : "remoteSourceControl",
      "location" : "https://github.com/supabase-community/supabase-swift.git",
      "state" : {
        "revision" : "08eefdcfc75a8052c1fc0577418cff67d47b6332",
        "version" : "2.4.0"
      }
    },
    {
      "identity" : "swift-concurrency-extras",
      "kind" : "remoteSourceControl",
      "location" : "https://github.com/pointfreeco/swift-concurrency-extras",
      "state" : {
        "revision" : "bb5059bde9022d69ac516803f4f227d8ac967f71",
        "version" : "1.1.0"
      }
    },
    {
      "identity" : "swift-crypto",
      "kind" : "remoteSourceControl",
      "location" : "https://github.com/apple/swift-crypto.git",
      "state" : {
        "revision" : "cc76b894169a3c86b71bac10c78a4db6beb7a9ad",
        "version" : "3.2.0"
      }
    },
    {
      "identity" : "swiftui-wrapping-stack",
      "kind" : "remoteSourceControl",
      "location" : "https://github.com/diniska/swiftui-wrapping-stack",
      "state" : {
        "revision" : "1e6b0fffe902cf3ffc102af5e7c0c4767cbc09e0",
        "version" : "1.1.0"
      }
    }
  ],
  "version" : 3
}
